<?xml version="1.0" encoding="utf-8"?>
<Project ToolsVersion="4.0" xmlns="http://schemas.microsoft.com/developer/msbuild/2003">
  <ItemGroup>
    <Filter Include="Source Files">
      <UniqueIdentifier>{4FC737F1-C7A5-4376-A066-2A32D752A2FF}</UniqueIdentifier>
      <Extensions>cpp;c;cc;cxx;def;odl;idl;hpj;bat;asm;asmx</Extensions>
    </Filter>
    <Filter Include="Resource Files">
      <UniqueIdentifier>{67DA6AB6-F800-4c08-8B7A-83BB121AAD01}</UniqueIdentifier>
      <Extensions>rc;ico;cur;bmp;dlg;rc2;rct;bin;rgs;gif;jpg;jpeg;jpe;resx;tiff;tif;png;wav;mfcribbon-ms</Extensions>
    </Filter>
    <Filter Include="Source Files\Core">
      <UniqueIdentifier>{7d07084f-a427-4d25-9176-150a78a2fd03}</UniqueIdentifier>
    </Filter>
    <Filter Include="Source Files\Core\TypeDescriptors">
      <UniqueIdentifier>{9764ac11-84ba-405a-986a-d081025ff0e1}</UniqueIdentifier>
    </Filter>
    <Filter Include="Source Files\Core\TypeResolver">
      <UniqueIdentifier>{fc643c0c-81a3-488d-b4e2-f0de4679f0d3}</UniqueIdentifier>
    </Filter>
  </ItemGroup>
  <ItemGroup>
    <ClCompile Include="ReflectionSystem-Cpp.cpp">
      <Filter>Source Files</Filter>
    </ClCompile>
    <ClCompile Include="TypeDescriptor_Struct.cpp">
      <Filter>Source Files\Core\TypeDescriptors</Filter>
    </ClCompile>
    <ClCompile Include="TypeDescriptor_STDVector.cpp">
      <Filter>Source Files\Core\TypeDescriptors</Filter>
    </ClCompile>
    <ClCompile Include="TypeResolver.cpp">
      <Filter>Source Files\Core\TypeResolver</Filter>
    </ClCompile>
    <ClCompile Include="PrimitiveTypeDescriptors.cpp">
      <Filter>Source Files\Core\TypeDescriptors</Filter>
    </ClCompile>
  </ItemGroup>
  <ItemGroup>
    <ClInclude Include="Reflect.h">
      <Filter>Source Files\Core</Filter>
    </ClInclude>
    <ClInclude Include="PrimitiveTypeDescriptors.h">
      <Filter>Source Files\Core\TypeDescriptors</Filter>
    </ClInclude>
    <ClInclude Include="TypeDescriptor.h">
      <Filter>Source Files\Core\TypeDescriptors</Filter>
    </ClInclude>
    <ClInclude Include="TypeDescriptor_Struct.h">
      <Filter>Source Files\Core\TypeDescriptors</Filter>
    </ClInclude>
    <ClInclude Include="TypeDescriptor_STDVector.h">
      <Filter>Source Files\Core\TypeDescriptors</Filter>
    </ClInclude>
    <ClInclude Include="TypeResolver.h">
      <Filter>Source Files\Core\TypeResolver</Filter>
    </ClInclude>
  </ItemGroup>
</Project>