<?xml version="1.0" encoding="utf-8"?>
<Project ToolsVersion="4.0" xmlns="http://schemas.microsoft.com/developer/msbuild/2003">
  <ItemGroup>
    <Filter Include="Source Files">
      <UniqueIdentifier>{4FC737F1-C7A5-4376-A066-2A32D752A2FF}</UniqueIdentifier>
      <Extensions>cpp;c;cc;cxx;def;odl;idl;hpj;bat;asm;asmx</Extensions>
    </Filter>
    <Filter Include="Resource Files">
      <UniqueIdentifier>{67DA6AB6-F800-4c08-8B7A-83BB121AAD01}</UniqueIdentifier>
      <Extensions>rc;ico;cur;bmp;dlg;rc2;rct;bin;rgs;gif;jpg;jpeg;jpe;resx;tiff;tif;png;wav;mfcribbon-ms</Extensions>
    </Filter>
    <Filter Include="Source Files\Core">
      <UniqueIdentifier>{7d07084f-a427-4d25-9176-150a78a2fd03}</UniqueIdentifier>
    </Filter>
    <Filter Include="Source Files\Core\TypeDescriptors">
      <UniqueIdentifier>{9764ac11-84ba-405a-986a-d081025ff0e1}</UniqueIdentifier>
    </Filter>
    <Filter Include="Source Files\Core\TypeResolver">
      <UniqueIdentifier>{fc643c0c-81a3-488d-b4e2-f0de4679f0d3}</UniqueIdentifier>
    </Filter>
    <Filter Include="Source Files\Core\TypeDescriptors\TypeDescriptorImplementations">
      <UniqueIdentifier>{49c17975-77fd-4a3d-b4db-5de911b11930}</UniqueIdentifier>
    </Filter>
    <Filter Include="Source Files\Core\TypeResolver\Utils">
      <UniqueIdentifier>{0a2f54a7-c86a-4bd5-a0f0-7a7be57a8be6}</UniqueIdentifier>
    </Filter>
    <Filter Include="Source Files\Core\TypeDescriptors\TypeDescriptorImplementations\STLContainerDescriptors">
      <UniqueIdentifier>{aa07cd37-aca6-4f73-92f4-0f6b21f7800d}</UniqueIdentifier>
    </Filter>
    <Filter Include="Source Files\Core\TypeDescriptors\Base">
      <UniqueIdentifier>{9717c2cd-fdf1-4cbe-ae1e-33bf48aed01f}</UniqueIdentifier>
    </Filter>
    <Filter Include="Source Files\Core\TypeDescriptorFactory">
      <UniqueIdentifier>{43448b3a-7d11-4002-b6db-733ef8790614}</UniqueIdentifier>
    </Filter>
  </ItemGroup>
  <ItemGroup>
    <ClCompile Include="ReflectionSystem-Cpp.cpp">
      <Filter>Source Files</Filter>
    </ClCompile>
    <ClCompile Include="TypeResolver.cpp">
      <Filter>Source Files\Core\TypeResolver</Filter>
    </ClCompile>
    <ClCompile Include="PrimitiveTypeDescriptors.cpp">
      <Filter>Source Files\Core\TypeDescriptors\TypeDescriptorImplementations</Filter>
    </ClCompile>
    <ClCompile Include="PrimitiveTypeResolver.cpp">
      <Filter>Source Files\Core\TypeResolver</Filter>
    </ClCompile>
    <ClCompile Include="TypeResolverHelper.cpp">
      <Filter>Source Files\Core\TypeResolver\Utils</Filter>
    </ClCompile>
    <ClCompile Include="STLVectorDescriptor.cpp">
      <Filter>Source Files\Core\TypeDescriptors\TypeDescriptorImplementations\STLContainerDescriptors</Filter>
    </ClCompile>
    <ClCompile Include="Field.cpp">
      <Filter>Source Files\Core\TypeDescriptors\Base</Filter>
    </ClCompile>
    <ClCompile Include="ClassDescriptor.cpp">
      <Filter>Source Files\Core\TypeDescriptors\TypeDescriptorImplementations</Filter>
    </ClCompile>
  </ItemGroup>
  <ItemGroup>
    <ClInclude Include="Reflect.h">
      <Filter>Source Files\Core</Filter>
    </ClInclude>
    <ClInclude Include="TypeDescriptor.h">
      <Filter>Source Files\Core\TypeDescriptors</Filter>
    </ClInclude>
    <ClInclude Include="TypeResolver.h">
      <Filter>Source Files\Core\TypeResolver</Filter>
    </ClInclude>
    <ClInclude Include="PrimitiveTypeDescriptors.h">
      <Filter>Source Files\Core\TypeDescriptors\TypeDescriptorImplementations</Filter>
    </ClInclude>
    <ClInclude Include="PrimitiveTypeResolver.h">
      <Filter>Source Files\Core\TypeResolver</Filter>
    </ClInclude>
    <ClInclude Include="SystemMacros.h">
      <Filter>Source Files\Core</Filter>
    </ClInclude>
    <ClInclude Include="STLContainerDescriptor.h">
      <Filter>Source Files\Core\TypeDescriptors\TypeDescriptorImplementations\STLContainerDescriptors</Filter>
    </ClInclude>
    <ClInclude Include="STLVectorDescriptor.h">
      <Filter>Source Files\Core\TypeDescriptors\TypeDescriptorImplementations\STLContainerDescriptors</Filter>
    </ClInclude>
    <ClInclude Include="TypeResolverHelper.h">
      <Filter>Source Files\Core\TypeResolver\Utils</Filter>
    </ClInclude>
    <ClInclude Include="ExoticPrimitiveTypeResolver.h">
      <Filter>Source Files\Core\TypeResolver</Filter>
    </ClInclude>
    <ClInclude Include="Field.h">
      <Filter>Source Files\Core\TypeDescriptors\Base</Filter>
    </ClInclude>
    <ClInclude Include="ClassDescriptor.h">
      <Filter>Source Files\Core\TypeDescriptors\TypeDescriptorImplementations</Filter>
    </ClInclude>
  </ItemGroup>
</Project>